// !$*UTF8*$!
{
	archiveVersion = 1;
	classes = {
	};
	objectVersion = 51;
	objects = {

/* Begin PBXBuildFile section */
		0C81EFE42680E7EC002F5A4B /* LocationInputActivationView.swift in Sources */ = {isa = PBXBuildFile; fileRef = 0C81EFE32680E7EC002F5A4B /* LocationInputActivationView.swift */; };
		0CFC2619267E8A2B00874AB4 /* GoogleService-Info.plist in Resources */ = {isa = PBXBuildFile; fileRef = 0CFC2618267E8A2B00874AB4 /* GoogleService-Info.plist */; };
		0CFC261B267F66FC00874AB4 /* HomeViewController.swift in Sources */ = {isa = PBXBuildFile; fileRef = 0CFC261A267F66FC00874AB4 /* HomeViewController.swift */; };
		0CFC261D267FB08E00874AB4 /* AppConstant.swift in Sources */ = {isa = PBXBuildFile; fileRef = 0CFC261C267FB08E00874AB4 /* AppConstant.swift */; };
		973878802665522000BC0C45 /* AppDelegate.swift in Sources */ = {isa = PBXBuildFile; fileRef = 9738787F2665522000BC0C45 /* AppDelegate.swift */; };
		973878892665522900BC0C45 /* Assets.xcassets in Resources */ = {isa = PBXBuildFile; fileRef = 973878882665522900BC0C45 /* Assets.xcassets */; };
		9738788C2665522900BC0C45 /* LaunchScreen.storyboard in Resources */ = {isa = PBXBuildFile; fileRef = 9738788A2665522900BC0C45 /* LaunchScreen.storyboard */; };
		973878972665522900BC0C45 /* UberTests.swift in Sources */ = {isa = PBXBuildFile; fileRef = 973878962665522900BC0C45 /* UberTests.swift */; };
		973878A22665522A00BC0C45 /* UberUITests.swift in Sources */ = {isa = PBXBuildFile; fileRef = 973878A12665522A00BC0C45 /* UberUITests.swift */; };
		973878B52665586F00BC0C45 /* LoginViewController.swift in Sources */ = {isa = PBXBuildFile; fileRef = 973878B42665586F00BC0C45 /* LoginViewController.swift */; };
		973878B7266562E600BC0C45 /* UIView+Constraints.swift in Sources */ = {isa = PBXBuildFile; fileRef = 973878B6266562E600BC0C45 /* UIView+Constraints.swift */; };
		973878B92665FBB300BC0C45 /* UITextField+Helper.swift in Sources */ = {isa = PBXBuildFile; fileRef = 973878B82665FBB300BC0C45 /* UITextField+Helper.swift */; };
		973878BB2665FFC000BC0C45 /* UIView+InputContainerView.swift in Sources */ = {isa = PBXBuildFile; fileRef = 973878BA2665FFC000BC0C45 /* UIView+InputContainerView.swift */; };
		973878BD266607DE00BC0C45 /* UIColor+Helper.swift in Sources */ = {isa = PBXBuildFile; fileRef = 973878BC266607DE00BC0C45 /* UIColor+Helper.swift */; };
		973878BF266621C900BC0C45 /* SignUpController.swift in Sources */ = {isa = PBXBuildFile; fileRef = 973878BE266621C900BC0C45 /* SignUpController.swift */; };
		973878C1266642D300BC0C45 /* AuthButton.swift in Sources */ = {isa = PBXBuildFile; fileRef = 973878C0266642D300BC0C45 /* AuthButton.swift */; };
		BA426F5016773B686E796728 /* Pods_Uber_UberUITests.framework in Frameworks */ = {isa = PBXBuildFile; fileRef = C152D9F14A8B2281A201CABA /* Pods_Uber_UberUITests.framework */; };
		BAFA361D8332A5148B04068A /* Pods_Uber.framework in Frameworks */ = {isa = PBXBuildFile; fileRef = E2BB0A7E033C0FF438D2B01F /* Pods_Uber.framework */; };
		D11F1686BB2E025BB1FAE099 /* Pods_UberTests.framework in Frameworks */ = {isa = PBXBuildFile; fileRef = A8CDE97D01E0A23B99AA24DA /* Pods_UberTests.framework */; };
/* End PBXBuildFile section */

/* Begin PBXContainerItemProxy section */
		973878932665522900BC0C45 /* PBXContainerItemProxy */ = {
			isa = PBXContainerItemProxy;
			containerPortal = 973878742665522000BC0C45 /* Project object */;
			proxyType = 1;
			remoteGlobalIDString = 9738787B2665522000BC0C45;
			remoteInfo = Uber;
		};
		9738789E2665522A00BC0C45 /* PBXContainerItemProxy */ = {
			isa = PBXContainerItemProxy;
			containerPortal = 973878742665522000BC0C45 /* Project object */;
			proxyType = 1;
			remoteGlobalIDString = 9738787B2665522000BC0C45;
			remoteInfo = Uber;
		};
/* End PBXContainerItemProxy section */

/* Begin PBXFileReference section */
		0C81EFE32680E7EC002F5A4B /* LocationInputActivationView.swift */ = {isa = PBXFileReference; lastKnownFileType = sourcecode.swift; path = LocationInputActivationView.swift; sourceTree = "<group>"; };
		0CFC2618267E8A2B00874AB4 /* GoogleService-Info.plist */ = {isa = PBXFileReference; fileEncoding = 4; lastKnownFileType = text.plist.xml; name = "GoogleService-Info.plist"; path = "../../../Downloads/GoogleService-Info.plist"; sourceTree = "<group>"; };
		0CFC261A267F66FC00874AB4 /* HomeViewController.swift */ = {isa = PBXFileReference; lastKnownFileType = sourcecode.swift; path = HomeViewController.swift; sourceTree = "<group>"; };
		0CFC261C267FB08E00874AB4 /* AppConstant.swift */ = {isa = PBXFileReference; lastKnownFileType = sourcecode.swift; path = AppConstant.swift; sourceTree = "<group>"; };
		603CCB52F875420FEF3B1E65 /* Pods-Uber-UberUITests.release.xcconfig */ = {isa = PBXFileReference; includeInIndex = 1; lastKnownFileType = text.xcconfig; name = "Pods-Uber-UberUITests.release.xcconfig"; path = "Target Support Files/Pods-Uber-UberUITests/Pods-Uber-UberUITests.release.xcconfig"; sourceTree = "<group>"; };
		7BC6AAE4862C3EA7D1BEF65C /* Pods-Uber.debug.xcconfig */ = {isa = PBXFileReference; includeInIndex = 1; lastKnownFileType = text.xcconfig; name = "Pods-Uber.debug.xcconfig"; path = "Target Support Files/Pods-Uber/Pods-Uber.debug.xcconfig"; sourceTree = "<group>"; };
		8C097000F3F2D5298B8E680B /* Pods-Uber.release.xcconfig */ = {isa = PBXFileReference; includeInIndex = 1; lastKnownFileType = text.xcconfig; name = "Pods-Uber.release.xcconfig"; path = "Target Support Files/Pods-Uber/Pods-Uber.release.xcconfig"; sourceTree = "<group>"; };
		9738787C2665522000BC0C45 /* Uber.app */ = {isa = PBXFileReference; explicitFileType = wrapper.application; includeInIndex = 0; path = Uber.app; sourceTree = BUILT_PRODUCTS_DIR; };
		9738787F2665522000BC0C45 /* AppDelegate.swift */ = {isa = PBXFileReference; lastKnownFileType = sourcecode.swift; path = AppDelegate.swift; sourceTree = "<group>"; };
		973878882665522900BC0C45 /* Assets.xcassets */ = {isa = PBXFileReference; lastKnownFileType = folder.assetcatalog; path = Assets.xcassets; sourceTree = "<group>"; };
		9738788B2665522900BC0C45 /* Base */ = {isa = PBXFileReference; lastKnownFileType = file.storyboard; name = Base; path = Base.lproj/LaunchScreen.storyboard; sourceTree = "<group>"; };
		9738788D2665522900BC0C45 /* Info.plist */ = {isa = PBXFileReference; lastKnownFileType = text.plist.xml; path = Info.plist; sourceTree = "<group>"; };
		973878922665522900BC0C45 /* UberTests.xctest */ = {isa = PBXFileReference; explicitFileType = wrapper.cfbundle; includeInIndex = 0; path = UberTests.xctest; sourceTree = BUILT_PRODUCTS_DIR; };
		973878962665522900BC0C45 /* UberTests.swift */ = {isa = PBXFileReference; lastKnownFileType = sourcecode.swift; path = UberTests.swift; sourceTree = "<group>"; };
		973878982665522A00BC0C45 /* Info.plist */ = {isa = PBXFileReference; lastKnownFileType = text.plist.xml; path = Info.plist; sourceTree = "<group>"; };
		9738789D2665522A00BC0C45 /* UberUITests.xctest */ = {isa = PBXFileReference; explicitFileType = wrapper.cfbundle; includeInIndex = 0; path = UberUITests.xctest; sourceTree = BUILT_PRODUCTS_DIR; };
		973878A12665522A00BC0C45 /* UberUITests.swift */ = {isa = PBXFileReference; lastKnownFileType = sourcecode.swift; path = UberUITests.swift; sourceTree = "<group>"; };
		973878A32665522A00BC0C45 /* Info.plist */ = {isa = PBXFileReference; lastKnownFileType = text.plist.xml; path = Info.plist; sourceTree = "<group>"; };
		973878B42665586F00BC0C45 /* LoginViewController.swift */ = {isa = PBXFileReference; lastKnownFileType = sourcecode.swift; path = LoginViewController.swift; sourceTree = "<group>"; };
		973878B6266562E600BC0C45 /* UIView+Constraints.swift */ = {isa = PBXFileReference; lastKnownFileType = sourcecode.swift; path = "UIView+Constraints.swift"; sourceTree = "<group>"; };
		973878B82665FBB300BC0C45 /* UITextField+Helper.swift */ = {isa = PBXFileReference; lastKnownFileType = sourcecode.swift; path = "UITextField+Helper.swift"; sourceTree = "<group>"; };
		973878BA2665FFC000BC0C45 /* UIView+InputContainerView.swift */ = {isa = PBXFileReference; lastKnownFileType = sourcecode.swift; path = "UIView+InputContainerView.swift"; sourceTree = "<group>"; };
		973878BC266607DE00BC0C45 /* UIColor+Helper.swift */ = {isa = PBXFileReference; lastKnownFileType = sourcecode.swift; path = "UIColor+Helper.swift"; sourceTree = "<group>"; };
		973878BE266621C900BC0C45 /* SignUpController.swift */ = {isa = PBXFileReference; lastKnownFileType = sourcecode.swift; path = SignUpController.swift; sourceTree = "<group>"; };
		973878C0266642D300BC0C45 /* AuthButton.swift */ = {isa = PBXFileReference; lastKnownFileType = sourcecode.swift; path = AuthButton.swift; sourceTree = "<group>"; };
		A8CDE97D01E0A23B99AA24DA /* Pods_UberTests.framework */ = {isa = PBXFileReference; explicitFileType = wrapper.framework; includeInIndex = 0; path = Pods_UberTests.framework; sourceTree = BUILT_PRODUCTS_DIR; };
		C152D9F14A8B2281A201CABA /* Pods_Uber_UberUITests.framework */ = {isa = PBXFileReference; explicitFileType = wrapper.framework; includeInIndex = 0; path = Pods_Uber_UberUITests.framework; sourceTree = BUILT_PRODUCTS_DIR; };
		D1DB3C5BF895F713ED48EE8E /* Pods-UberTests.release.xcconfig */ = {isa = PBXFileReference; includeInIndex = 1; lastKnownFileType = text.xcconfig; name = "Pods-UberTests.release.xcconfig"; path = "Target Support Files/Pods-UberTests/Pods-UberTests.release.xcconfig"; sourceTree = "<group>"; };
		D9D4392A40D99B1A460646E5 /* Pods-UberTests.debug.xcconfig */ = {isa = PBXFileReference; includeInIndex = 1; lastKnownFileType = text.xcconfig; name = "Pods-UberTests.debug.xcconfig"; path = "Target Support Files/Pods-UberTests/Pods-UberTests.debug.xcconfig"; sourceTree = "<group>"; };
		E2BB0A7E033C0FF438D2B01F /* Pods_Uber.framework */ = {isa = PBXFileReference; explicitFileType = wrapper.framework; includeInIndex = 0; path = Pods_Uber.framework; sourceTree = BUILT_PRODUCTS_DIR; };
		F387B2E34E5892DDFAEF5A1C /* Pods-Uber-UberUITests.debug.xcconfig */ = {isa = PBXFileReference; includeInIndex = 1; lastKnownFileType = text.xcconfig; name = "Pods-Uber-UberUITests.debug.xcconfig"; path = "Target Support Files/Pods-Uber-UberUITests/Pods-Uber-UberUITests.debug.xcconfig"; sourceTree = "<group>"; };
/* End PBXFileReference section */

/* Begin PBXFrameworksBuildPhase section */
		973878792665522000BC0C45 /* Frameworks */ = {
			isa = PBXFrameworksBuildPhase;
			buildActionMask = 2147483647;
			files = (
				BAFA361D8332A5148B04068A /* Pods_Uber.framework in Frameworks */,
			);
			runOnlyForDeploymentPostprocessing = 0;
		};
		9738788F2665522900BC0C45 /* Frameworks */ = {
			isa = PBXFrameworksBuildPhase;
			buildActionMask = 2147483647;
			files = (
				D11F1686BB2E025BB1FAE099 /* Pods_UberTests.framework in Frameworks */,
			);
			runOnlyForDeploymentPostprocessing = 0;
		};
		9738789A2665522A00BC0C45 /* Frameworks */ = {
			isa = PBXFrameworksBuildPhase;
			buildActionMask = 2147483647;
			files = (
				BA426F5016773B686E796728 /* Pods_Uber_UberUITests.framework in Frameworks */,
			);
			runOnlyForDeploymentPostprocessing = 0;
		};
/* End PBXFrameworksBuildPhase section */

/* Begin PBXGroup section */
		286908F2A39C0D05E860380C /* Pods */ = {
			isa = PBXGroup;
			children = (
				7BC6AAE4862C3EA7D1BEF65C /* Pods-Uber.debug.xcconfig */,
				8C097000F3F2D5298B8E680B /* Pods-Uber.release.xcconfig */,
				F387B2E34E5892DDFAEF5A1C /* Pods-Uber-UberUITests.debug.xcconfig */,
				603CCB52F875420FEF3B1E65 /* Pods-Uber-UberUITests.release.xcconfig */,
				D9D4392A40D99B1A460646E5 /* Pods-UberTests.debug.xcconfig */,
				D1DB3C5BF895F713ED48EE8E /* Pods-UberTests.release.xcconfig */,
			);
			path = Pods;
			sourceTree = "<group>";
		};
		5BE048CEBA33AFC418AD0095 /* Frameworks */ = {
			isa = PBXGroup;
			children = (
				E2BB0A7E033C0FF438D2B01F /* Pods_Uber.framework */,
				C152D9F14A8B2281A201CABA /* Pods_Uber_UberUITests.framework */,
				A8CDE97D01E0A23B99AA24DA /* Pods_UberTests.framework */,
			);
			name = Frameworks;
			sourceTree = "<group>";
		};
		973878732665522000BC0C45 = {
			isa = PBXGroup;
			children = (
				9738787E2665522000BC0C45 /* Uber */,
				973878952665522900BC0C45 /* UberTests */,
				973878A02665522A00BC0C45 /* UberUITests */,
				9738787D2665522000BC0C45 /* Products */,
				286908F2A39C0D05E860380C /* Pods */,
				5BE048CEBA33AFC418AD0095 /* Frameworks */,
			);
			sourceTree = "<group>";
		};
		9738787D2665522000BC0C45 /* Products */ = {
			isa = PBXGroup;
			children = (
				9738787C2665522000BC0C45 /* Uber.app */,
				973878922665522900BC0C45 /* UberTests.xctest */,
				9738789D2665522A00BC0C45 /* UberUITests.xctest */,
			);
			name = Products;
			sourceTree = "<group>";
		};
		9738787E2665522000BC0C45 /* Uber */ = {
			isa = PBXGroup;
			children = (
				0CFC2618267E8A2B00874AB4 /* GoogleService-Info.plist */,
				973878B32665526400BC0C45 /* Utils */,
				973878B12665525200BC0C45 /* Controller */,
				973878B02665524900BC0C45 /* View */,
				9738787F2665522000BC0C45 /* AppDelegate.swift */,
				973878882665522900BC0C45 /* Assets.xcassets */,
				9738788A2665522900BC0C45 /* LaunchScreen.storyboard */,
				9738788D2665522900BC0C45 /* Info.plist */,
			);
			path = Uber;
			sourceTree = "<group>";
		};
		973878952665522900BC0C45 /* UberTests */ = {
			isa = PBXGroup;
			children = (
				973878962665522900BC0C45 /* UberTests.swift */,
				973878982665522A00BC0C45 /* Info.plist */,
			);
			path = UberTests;
			sourceTree = "<group>";
		};
		973878A02665522A00BC0C45 /* UberUITests */ = {
			isa = PBXGroup;
			children = (
				973878A12665522A00BC0C45 /* UberUITests.swift */,
				973878A32665522A00BC0C45 /* Info.plist */,
			);
			path = UberUITests;
			sourceTree = "<group>";
		};
		973878B02665524900BC0C45 /* View */ = {
			isa = PBXGroup;
			children = (
				973878C0266642D300BC0C45 /* AuthButton.swift */,
				0C81EFE32680E7EC002F5A4B /* LocationInputActivationView.swift */,
			);
			path = View;
			sourceTree = "<group>";
		};
		973878B12665525200BC0C45 /* Controller */ = {
			isa = PBXGroup;
			children = (
				973878B42665586F00BC0C45 /* LoginViewController.swift */,
				0CFC261A267F66FC00874AB4 /* HomeViewController.swift */,
				973878BE266621C900BC0C45 /* SignUpController.swift */,
			);
			path = Controller;
			sourceTree = "<group>";
		};
		973878B32665526400BC0C45 /* Utils */ = {
			isa = PBXGroup;
			children = (
				973878B6266562E600BC0C45 /* UIView+Constraints.swift */,
				973878B82665FBB300BC0C45 /* UITextField+Helper.swift */,
				973878BA2665FFC000BC0C45 /* UIView+InputContainerView.swift */,
				973878BC266607DE00BC0C45 /* UIColor+Helper.swift */,
				0CFC261C267FB08E00874AB4 /* AppConstant.swift */,
			);
			path = Utils;
			sourceTree = "<group>";
		};
/* End PBXGroup section */

/* Begin PBXNativeTarget section */
		9738787B2665522000BC0C45 /* Uber */ = {
			isa = PBXNativeTarget;
			buildConfigurationList = 973878A62665522A00BC0C45 /* Build configuration list for PBXNativeTarget "Uber" */;
			buildPhases = (
				F5501108B2248F30CCE89481 /* [CP] Check Pods Manifest.lock */,
				973878782665522000BC0C45 /* Sources */,
				973878792665522000BC0C45 /* Frameworks */,
				9738787A2665522000BC0C45 /* Resources */,
				5D7814350491C8A5F77CD568 /* [CP] Embed Pods Frameworks */,
			);
			buildRules = (
			);
			dependencies = (
			);
			name = Uber;
			productName = Uber;
			productReference = 9738787C2665522000BC0C45 /* Uber.app */;
			productType = "com.apple.product-type.application";
		};
		973878912665522900BC0C45 /* UberTests */ = {
			isa = PBXNativeTarget;
			buildConfigurationList = 973878A92665522A00BC0C45 /* Build configuration list for PBXNativeTarget "UberTests" */;
			buildPhases = (
				DF3C5819CD52C4BC2094BEB3 /* [CP] Check Pods Manifest.lock */,
				9738788E2665522900BC0C45 /* Sources */,
				9738788F2665522900BC0C45 /* Frameworks */,
				973878902665522900BC0C45 /* Resources */,
			);
			buildRules = (
			);
			dependencies = (
				973878942665522900BC0C45 /* PBXTargetDependency */,
			);
			name = UberTests;
			productName = UberTests;
			productReference = 973878922665522900BC0C45 /* UberTests.xctest */;
			productType = "com.apple.product-type.bundle.unit-test";
		};
		9738789C2665522A00BC0C45 /* UberUITests */ = {
			isa = PBXNativeTarget;
			buildConfigurationList = 973878AC2665522A00BC0C45 /* Build configuration list for PBXNativeTarget "UberUITests" */;
			buildPhases = (
				E2D5D3580931F4535FC1F335 /* [CP] Check Pods Manifest.lock */,
				973878992665522A00BC0C45 /* Sources */,
				9738789A2665522A00BC0C45 /* Frameworks */,
				9738789B2665522A00BC0C45 /* Resources */,
				3F9937070E52EC9D7DEB5CB5 /* [CP] Embed Pods Frameworks */,
			);
			buildRules = (
			);
			dependencies = (
				9738789F2665522A00BC0C45 /* PBXTargetDependency */,
			);
			name = UberUITests;
			productName = UberUITests;
			productReference = 9738789D2665522A00BC0C45 /* UberUITests.xctest */;
			productType = "com.apple.product-type.bundle.ui-testing";
		};
/* End PBXNativeTarget section */

/* Begin PBXProject section */
		973878742665522000BC0C45 /* Project object */ = {
			isa = PBXProject;
			attributes = {
				LastSwiftUpdateCheck = 1250;
				LastUpgradeCheck = 1250;
				TargetAttributes = {
					9738787B2665522000BC0C45 = {
						CreatedOnToolsVersion = 12.5;
					};
					973878912665522900BC0C45 = {
						CreatedOnToolsVersion = 12.5;
						TestTargetID = 9738787B2665522000BC0C45;
					};
					9738789C2665522A00BC0C45 = {
						CreatedOnToolsVersion = 12.5;
						TestTargetID = 9738787B2665522000BC0C45;
					};
				};
			};
			buildConfigurationList = 973878772665522000BC0C45 /* Build configuration list for PBXProject "Uber" */;
			compatibilityVersion = "Xcode 9.3";
			developmentRegion = en;
			hasScannedForEncodings = 0;
			knownRegions = (
				en,
				Base,
			);
			mainGroup = 973878732665522000BC0C45;
			productRefGroup = 9738787D2665522000BC0C45 /* Products */;
			projectDirPath = "";
			projectRoot = "";
			targets = (
				9738787B2665522000BC0C45 /* Uber */,
				973878912665522900BC0C45 /* UberTests */,
				9738789C2665522A00BC0C45 /* UberUITests */,
			);
		};
/* End PBXProject section */

/* Begin PBXResourcesBuildPhase section */
		9738787A2665522000BC0C45 /* Resources */ = {
			isa = PBXResourcesBuildPhase;
			buildActionMask = 2147483647;
			files = (
				9738788C2665522900BC0C45 /* LaunchScreen.storyboard in Resources */,
				973878892665522900BC0C45 /* Assets.xcassets in Resources */,
				0CFC2619267E8A2B00874AB4 /* GoogleService-Info.plist in Resources */,
			);
			runOnlyForDeploymentPostprocessing = 0;
		};
		973878902665522900BC0C45 /* Resources */ = {
			isa = PBXResourcesBuildPhase;
			buildActionMask = 2147483647;
			files = (
			);
			runOnlyForDeploymentPostprocessing = 0;
		};
		9738789B2665522A00BC0C45 /* Resources */ = {
			isa = PBXResourcesBuildPhase;
			buildActionMask = 2147483647;
			files = (
			);
			runOnlyForDeploymentPostprocessing = 0;
		};
/* End PBXResourcesBuildPhase section */

/* Begin PBXShellScriptBuildPhase section */
		3F9937070E52EC9D7DEB5CB5 /* [CP] Embed Pods Frameworks */ = {
			isa = PBXShellScriptBuildPhase;
			buildActionMask = 2147483647;
			files = (
			);
			inputFileListPaths = (
				"${PODS_ROOT}/Target Support Files/Pods-Uber-UberUITests/Pods-Uber-UberUITests-frameworks-${CONFIGURATION}-input-files.xcfilelist",
			);
			name = "[CP] Embed Pods Frameworks";
			outputFileListPaths = (
				"${PODS_ROOT}/Target Support Files/Pods-Uber-UberUITests/Pods-Uber-UberUITests-frameworks-${CONFIGURATION}-output-files.xcfilelist",
			);
			runOnlyForDeploymentPostprocessing = 0;
			shellPath = /bin/sh;
			shellScript = "\"${PODS_ROOT}/Target Support Files/Pods-Uber-UberUITests/Pods-Uber-UberUITests-frameworks.sh\"\n";
			showEnvVarsInLog = 0;
		};
		5D7814350491C8A5F77CD568 /* [CP] Embed Pods Frameworks */ = {
			isa = PBXShellScriptBuildPhase;
			buildActionMask = 2147483647;
			files = (
			);
			inputFileListPaths = (
				"${PODS_ROOT}/Target Support Files/Pods-Uber/Pods-Uber-frameworks-${CONFIGURATION}-input-files.xcfilelist",
			);
			name = "[CP] Embed Pods Frameworks";
			outputFileListPaths = (
				"${PODS_ROOT}/Target Support Files/Pods-Uber/Pods-Uber-frameworks-${CONFIGURATION}-output-files.xcfilelist",
			);
			runOnlyForDeploymentPostprocessing = 0;
			shellPath = /bin/sh;
			shellScript = "\"${PODS_ROOT}/Target Support Files/Pods-Uber/Pods-Uber-frameworks.sh\"\n";
			showEnvVarsInLog = 0;
		};
		DF3C5819CD52C4BC2094BEB3 /* [CP] Check Pods Manifest.lock */ = {
			isa = PBXShellScriptBuildPhase;
			buildActionMask = 2147483647;
			files = (
			);
			inputFileListPaths = (
			);
			inputPaths = (
				"${PODS_PODFILE_DIR_PATH}/Podfile.lock",
				"${PODS_ROOT}/Manifest.lock",
			);
			name = "[CP] Check Pods Manifest.lock";
			outputFileListPaths = (
			);
			outputPaths = (
				"$(DERIVED_FILE_DIR)/Pods-UberTests-checkManifestLockResult.txt",
			);
			runOnlyForDeploymentPostprocessing = 0;
			shellPath = /bin/sh;
			shellScript = "diff \"${PODS_PODFILE_DIR_PATH}/Podfile.lock\" \"${PODS_ROOT}/Manifest.lock\" > /dev/null\nif [ $? != 0 ] ; then\n    # print error to STDERR\n    echo \"error: The sandbox is not in sync with the Podfile.lock. Run 'pod install' or update your CocoaPods installation.\" >&2\n    exit 1\nfi\n# This output is used by Xcode 'outputs' to avoid re-running this script phase.\necho \"SUCCESS\" > \"${SCRIPT_OUTPUT_FILE_0}\"\n";
			showEnvVarsInLog = 0;
		};
		E2D5D3580931F4535FC1F335 /* [CP] Check Pods Manifest.lock */ = {
			isa = PBXShellScriptBuildPhase;
			buildActionMask = 2147483647;
			files = (
			);
			inputFileListPaths = (
			);
			inputPaths = (
				"${PODS_PODFILE_DIR_PATH}/Podfile.lock",
				"${PODS_ROOT}/Manifest.lock",
			);
			name = "[CP] Check Pods Manifest.lock";
			outputFileListPaths = (
			);
			outputPaths = (
				"$(DERIVED_FILE_DIR)/Pods-Uber-UberUITests-checkManifestLockResult.txt",
			);
			runOnlyForDeploymentPostprocessing = 0;
			shellPath = /bin/sh;
			shellScript = "diff \"${PODS_PODFILE_DIR_PATH}/Podfile.lock\" \"${PODS_ROOT}/Manifest.lock\" > /dev/null\nif [ $? != 0 ] ; then\n    # print error to STDERR\n    echo \"error: The sandbox is not in sync with the Podfile.lock. Run 'pod install' or update your CocoaPods installation.\" >&2\n    exit 1\nfi\n# This output is used by Xcode 'outputs' to avoid re-running this script phase.\necho \"SUCCESS\" > \"${SCRIPT_OUTPUT_FILE_0}\"\n";
			showEnvVarsInLog = 0;
		};
		F5501108B2248F30CCE89481 /* [CP] Check Pods Manifest.lock */ = {
			isa = PBXShellScriptBuildPhase;
			buildActionMask = 2147483647;
			files = (
			);
			inputFileListPaths = (
			);
			inputPaths = (
				"${PODS_PODFILE_DIR_PATH}/Podfile.lock",
				"${PODS_ROOT}/Manifest.lock",
			);
			name = "[CP] Check Pods Manifest.lock";
			outputFileListPaths = (
			);
			outputPaths = (
				"$(DERIVED_FILE_DIR)/Pods-Uber-checkManifestLockResult.txt",
			);
			runOnlyForDeploymentPostprocessing = 0;
			shellPath = /bin/sh;
			shellScript = "diff \"${PODS_PODFILE_DIR_PATH}/Podfile.lock\" \"${PODS_ROOT}/Manifest.lock\" > /dev/null\nif [ $? != 0 ] ; then\n    # print error to STDERR\n    echo \"error: The sandbox is not in sync with the Podfile.lock. Run 'pod install' or update your CocoaPods installation.\" >&2\n    exit 1\nfi\n# This output is used by Xcode 'outputs' to avoid re-running this script phase.\necho \"SUCCESS\" > \"${SCRIPT_OUTPUT_FILE_0}\"\n";
			showEnvVarsInLog = 0;
		};
/* End PBXShellScriptBuildPhase section */

/* Begin PBXSourcesBuildPhase section */
		973878782665522000BC0C45 /* Sources */ = {
			isa = PBXSourcesBuildPhase;
			buildActionMask = 2147483647;
			files = (
				973878B7266562E600BC0C45 /* UIView+Constraints.swift in Sources */,
				0CFC261D267FB08E00874AB4 /* AppConstant.swift in Sources */,
				0C81EFE42680E7EC002F5A4B /* LocationInputActivationView.swift in Sources */,
				973878C1266642D300BC0C45 /* AuthButton.swift in Sources */,
				973878B92665FBB300BC0C45 /* UITextField+Helper.swift in Sources */,
				973878BF266621C900BC0C45 /* SignUpController.swift in Sources */,
				973878B52665586F00BC0C45 /* LoginViewController.swift in Sources */,
				0CFC261B267F66FC00874AB4 /* HomeViewController.swift in Sources */,
				973878BB2665FFC000BC0C45 /* UIView+InputContainerView.swift in Sources */,
				973878802665522000BC0C45 /* AppDelegate.swift in Sources */,
				973878BD266607DE00BC0C45 /* UIColor+Helper.swift in Sources */,
			);
			runOnlyForDeploymentPostprocessing = 0;
		};
		9738788E2665522900BC0C45 /* Sources */ = {
			isa = PBXSourcesBuildPhase;
			buildActionMask = 2147483647;
			files = (
				973878972665522900BC0C45 /* UberTests.swift in Sources */,
			);
			runOnlyForDeploymentPostprocessing = 0;
		};
		973878992665522A00BC0C45 /* Sources */ = {
			isa = PBXSourcesBuildPhase;
			buildActionMask = 2147483647;
			files = (
				973878A22665522A00BC0C45 /* UberUITests.swift in Sources */,
			);
			runOnlyForDeploymentPostprocessing = 0;
		};
/* End PBXSourcesBuildPhase section */

/* Begin PBXTargetDependency section */
		973878942665522900BC0C45 /* PBXTargetDependency */ = {
			isa = PBXTargetDependency;
			target = 9738787B2665522000BC0C45 /* Uber */;
			targetProxy = 973878932665522900BC0C45 /* PBXContainerItemProxy */;
		};
		9738789F2665522A00BC0C45 /* PBXTargetDependency */ = {
			isa = PBXTargetDependency;
			target = 9738787B2665522000BC0C45 /* Uber */;
			targetProxy = 9738789E2665522A00BC0C45 /* PBXContainerItemProxy */;
		};
/* End PBXTargetDependency section */

/* Begin PBXVariantGroup section */
		9738788A2665522900BC0C45 /* LaunchScreen.storyboard */ = {
			isa = PBXVariantGroup;
			children = (
				9738788B2665522900BC0C45 /* Base */,
			);
			name = LaunchScreen.storyboard;
			sourceTree = "<group>";
		};
/* End PBXVariantGroup section */

/* Begin XCBuildConfiguration section */
		973878A42665522A00BC0C45 /* Debug */ = {
			isa = XCBuildConfiguration;
			buildSettings = {
				ALWAYS_SEARCH_USER_PATHS = NO;
				CLANG_ANALYZER_NONNULL = YES;
				CLANG_ANALYZER_NUMBER_OBJECT_CONVERSION = YES_AGGRESSIVE;
				CLANG_CXX_LANGUAGE_STANDARD = "gnu++14";
				CLANG_CXX_LIBRARY = "libc++";
				CLANG_ENABLE_MODULES = YES;
				CLANG_ENABLE_OBJC_ARC = YES;
				CLANG_ENABLE_OBJC_WEAK = YES;
				CLANG_WARN_BLOCK_CAPTURE_AUTORELEASING = YES;
				CLANG_WARN_BOOL_CONVERSION = YES;
				CLANG_WARN_COMMA = YES;
				CLANG_WARN_CONSTANT_CONVERSION = YES;
				CLANG_WARN_DEPRECATED_OBJC_IMPLEMENTATIONS = YES;
				CLANG_WARN_DIRECT_OBJC_ISA_USAGE = YES_ERROR;
				CLANG_WARN_DOCUMENTATION_COMMENTS = YES;
				CLANG_WARN_EMPTY_BODY = YES;
				CLANG_WARN_ENUM_CONVERSION = YES;
				CLANG_WARN_INFINITE_RECURSION = YES;
				CLANG_WARN_INT_CONVERSION = YES;
				CLANG_WARN_NON_LITERAL_NULL_CONVERSION = YES;
				CLANG_WARN_OBJC_IMPLICIT_RETAIN_SELF = YES;
				CLANG_WARN_OBJC_LITERAL_CONVERSION = YES;
				CLANG_WARN_OBJC_ROOT_CLASS = YES_ERROR;
				CLANG_WARN_QUOTED_INCLUDE_IN_FRAMEWORK_HEADER = YES;
				CLANG_WARN_RANGE_LOOP_ANALYSIS = YES;
				CLANG_WARN_STRICT_PROTOTYPES = YES;
				CLANG_WARN_SUSPICIOUS_MOVE = YES;
				CLANG_WARN_UNGUARDED_AVAILABILITY = YES_AGGRESSIVE;
				CLANG_WARN_UNREACHABLE_CODE = YES;
				CLANG_WARN__DUPLICATE_METHOD_MATCH = YES;
				COPY_PHASE_STRIP = NO;
				DEBUG_INFORMATION_FORMAT = dwarf;
				ENABLE_STRICT_OBJC_MSGSEND = YES;
				ENABLE_TESTABILITY = YES;
				GCC_C_LANGUAGE_STANDARD = gnu11;
				GCC_DYNAMIC_NO_PIC = NO;
				GCC_NO_COMMON_BLOCKS = YES;
				GCC_OPTIMIZATION_LEVEL = 0;
				GCC_PREPROCESSOR_DEFINITIONS = (
					"DEBUG=1",
					"$(inherited)",
				);
				GCC_WARN_64_TO_32_BIT_CONVERSION = YES;
				GCC_WARN_ABOUT_RETURN_TYPE = YES_ERROR;
				GCC_WARN_UNDECLARED_SELECTOR = YES;
				GCC_WARN_UNINITIALIZED_AUTOS = YES_AGGRESSIVE;
				GCC_WARN_UNUSED_FUNCTION = YES;
				GCC_WARN_UNUSED_VARIABLE = YES;
				IPHONEOS_DEPLOYMENT_TARGET = 14.5;
				MTL_ENABLE_DEBUG_INFO = INCLUDE_SOURCE;
				MTL_FAST_MATH = YES;
				ONLY_ACTIVE_ARCH = YES;
				SDKROOT = iphoneos;
				SWIFT_ACTIVE_COMPILATION_CONDITIONS = DEBUG;
				SWIFT_OPTIMIZATION_LEVEL = "-Onone";
			};
			name = Debug;
		};
		973878A52665522A00BC0C45 /* Release */ = {
			isa = XCBuildConfiguration;
			buildSettings = {
				ALWAYS_SEARCH_USER_PATHS = NO;
				CLANG_ANALYZER_NONNULL = YES;
				CLANG_ANALYZER_NUMBER_OBJECT_CONVERSION = YES_AGGRESSIVE;
				CLANG_CXX_LANGUAGE_STANDARD = "gnu++14";
				CLANG_CXX_LIBRARY = "libc++";
				CLANG_ENABLE_MODULES = YES;
				CLANG_ENABLE_OBJC_ARC = YES;
				CLANG_ENABLE_OBJC_WEAK = YES;
				CLANG_WARN_BLOCK_CAPTURE_AUTORELEASING = YES;
				CLANG_WARN_BOOL_CONVERSION = YES;
				CLANG_WARN_COMMA = YES;
				CLANG_WARN_CONSTANT_CONVERSION = YES;
				CLANG_WARN_DEPRECATED_OBJC_IMPLEMENTATIONS = YES;
				CLANG_WARN_DIRECT_OBJC_ISA_USAGE = YES_ERROR;
				CLANG_WARN_DOCUMENTATION_COMMENTS = YES;
				CLANG_WARN_EMPTY_BODY = YES;
				CLANG_WARN_ENUM_CONVERSION = YES;
				CLANG_WARN_INFINITE_RECURSION = YES;
				CLANG_WARN_INT_CONVERSION = YES;
				CLANG_WARN_NON_LITERAL_NULL_CONVERSION = YES;
				CLANG_WARN_OBJC_IMPLICIT_RETAIN_SELF = YES;
				CLANG_WARN_OBJC_LITERAL_CONVERSION = YES;
				CLANG_WARN_OBJC_ROOT_CLASS = YES_ERROR;
				CLANG_WARN_QUOTED_INCLUDE_IN_FRAMEWORK_HEADER = YES;
				CLANG_WARN_RANGE_LOOP_ANALYSIS = YES;
				CLANG_WARN_STRICT_PROTOTYPES = YES;
				CLANG_WARN_SUSPICIOUS_MOVE = YES;
				CLANG_WARN_UNGUARDED_AVAILABILITY = YES_AGGRESSIVE;
				CLANG_WARN_UNREACHABLE_CODE = YES;
				CLANG_WARN__DUPLICATE_METHOD_MATCH = YES;
				COPY_PHASE_STRIP = NO;
				DEBUG_INFORMATION_FORMAT = "dwarf-with-dsym";
				ENABLE_NS_ASSERTIONS = NO;
				ENABLE_STRICT_OBJC_MSGSEND = YES;
				GCC_C_LANGUAGE_STANDARD = gnu11;
				GCC_NO_COMMON_BLOCKS = YES;
				GCC_WARN_64_TO_32_BIT_CONVERSION = YES;
				GCC_WARN_ABOUT_RETURN_TYPE = YES_ERROR;
				GCC_WARN_UNDECLARED_SELECTOR = YES;
				GCC_WARN_UNINITIALIZED_AUTOS = YES_AGGRESSIVE;
				GCC_WARN_UNUSED_FUNCTION = YES;
				GCC_WARN_UNUSED_VARIABLE = YES;
				IPHONEOS_DEPLOYMENT_TARGET = 14.5;
				MTL_ENABLE_DEBUG_INFO = NO;
				MTL_FAST_MATH = YES;
				SDKROOT = iphoneos;
				SWIFT_COMPILATION_MODE = wholemodule;
				SWIFT_OPTIMIZATION_LEVEL = "-O";
				VALIDATE_PRODUCT = YES;
			};
			name = Release;
		};
		973878A72665522A00BC0C45 /* Debug */ = {
			isa = XCBuildConfiguration;
			baseConfigurationReference = 7BC6AAE4862C3EA7D1BEF65C /* Pods-Uber.debug.xcconfig */;
			buildSettings = {
				ASSETCATALOG_COMPILER_APPICON_NAME = AppIcon;
				ASSETCATALOG_COMPILER_GLOBAL_ACCENT_COLOR_NAME = AccentColor;
				CODE_SIGN_STYLE = Automatic;
				DEVELOPMENT_TEAM = J4MFZ26949;
				INFOPLIST_FILE = Uber/Info.plist;
				LD_RUNPATH_SEARCH_PATHS = (
					"$(inherited)",
					"@executable_path/Frameworks",
				);
				PRODUCT_BUNDLE_IDENTIFIER = com.Uber.pushpank;
				PRODUCT_NAME = "$(TARGET_NAME)";
				SWIFT_VERSION = 5.0;
				TARGETED_DEVICE_FAMILY = "1,2";
			};
			name = Debug;
		};
		973878A82665522A00BC0C45 /* Release */ = {
			isa = XCBuildConfiguration;
			baseConfigurationReference = 8C097000F3F2D5298B8E680B /* Pods-Uber.release.xcconfig */;
			buildSettings = {
				ASSETCATALOG_COMPILER_APPICON_NAME = AppIcon;
				ASSETCATALOG_COMPILER_GLOBAL_ACCENT_COLOR_NAME = AccentColor;
				CODE_SIGN_STYLE = Automatic;
				DEVELOPMENT_TEAM = J4MFZ26949;
				INFOPLIST_FILE = Uber/Info.plist;
				LD_RUNPATH_SEARCH_PATHS = (
					"$(inherited)",
					"@executable_path/Frameworks",
				);
				PRODUCT_BUNDLE_IDENTIFIER = com.Uber.pushpank;
				PRODUCT_NAME = "$(TARGET_NAME)";
				SWIFT_VERSION = 5.0;
				TARGETED_DEVICE_FAMILY = "1,2";
			};
			name = Release;
		};
		973878AA2665522A00BC0C45 /* Debug */ = {
			isa = XCBuildConfiguration;
			baseConfigurationReference = D9D4392A40D99B1A460646E5 /* Pods-UberTests.debug.xcconfig */;
			buildSettings = {
				ALWAYS_EMBED_SWIFT_STANDARD_LIBRARIES = YES;
				BUNDLE_LOADER = "$(TEST_HOST)";
				CODE_SIGN_STYLE = Automatic;
				DEVELOPMENT_TEAM = J4MFZ26949;
				INFOPLIST_FILE = UberTests/Info.plist;
				IPHONEOS_DEPLOYMENT_TARGET = 14.5;
				LD_RUNPATH_SEARCH_PATHS = (
					"$(inherited)",
					"@executable_path/Frameworks",
					"@loader_path/Frameworks",
				);
				PRODUCT_BUNDLE_IDENTIFIER = com..UberTests;
				PRODUCT_NAME = "$(TARGET_NAME)";
				SWIFT_VERSION = 5.0;
				TARGETED_DEVICE_FAMILY = "1,2";
				TEST_HOST = "$(BUILT_PRODUCTS_DIR)/Uber.app/Uber";
			};
			name = Debug;
		};
		973878AB2665522A00BC0C45 /* Release */ = {
			isa = XCBuildConfiguration;
			baseConfigurationReference = D1DB3C5BF895F713ED48EE8E /* Pods-UberTests.release.xcconfig */;
			buildSettings = {
				ALWAYS_EMBED_SWIFT_STANDARD_LIBRARIES = YES;
				BUNDLE_LOADER = "$(TEST_HOST)";
				CODE_SIGN_STYLE = Automatic;
				DEVELOPMENT_TEAM = J4MFZ26949;
				INFOPLIST_FILE = UberTests/Info.plist;
				IPHONEOS_DEPLOYMENT_TARGET = 14.5;
				LD_RUNPATH_SEARCH_PATHS = (
					"$(inherited)",
					"@executable_path/Frameworks",
					"@loader_path/Frameworks",
				);
				PRODUCT_BUNDLE_IDENTIFIER = com..UberTests;
				PRODUCT_NAME = "$(TARGET_NAME)";
				SWIFT_VERSION = 5.0;
				TARGETED_DEVICE_FAMILY = "1,2";
				TEST_HOST = "$(BUILT_PRODUCTS_DIR)/Uber.app/Uber";
			};
			name = Release;
		};
		973878AD2665522A00BC0C45 /* Debug */ = {
			isa = XCBuildConfiguration;
			baseConfigurationReference = F387B2E34E5892DDFAEF5A1C /* Pods-Uber-UberUITests.debug.xcconfig */;
			buildSettings = {
				ALWAYS_EMBED_SWIFT_STANDARD_LIBRARIES = YES;
				CODE_SIGN_STYLE = Automatic;
				DEVELOPMENT_TEAM = J4MFZ26949;
				INFOPLIST_FILE = UberUITests/Info.plist;
				LD_RUNPATH_SEARCH_PATHS = (
					"$(inherited)",
					"@executable_path/Frameworks",
					"@loader_path/Frameworks",
				);
				PRODUCT_BUNDLE_IDENTIFIER = com..UberUITests;
				PRODUCT_NAME = "$(TARGET_NAME)";
				SWIFT_VERSION = 5.0;
				TARGETED_DEVICE_FAMILY = "1,2";
				TEST_TARGET_NAME = Uber;
			};
			name = Debug;
		};
		973878AE2665522A00BC0C45 /* Release */ = {
			isa = XCBuildConfiguration;
			baseConfigurationReference = 603CCB52F875420FEF3B1E65 /* Pods-Uber-UberUITests.release.xcconfig */;
			buildSettings = {
				ALWAYS_EMBED_SWIFT_STANDARD_LIBRARIES = YES;
				CODE_SIGN_STYLE = Automatic;
				DEVELOPMENT_TEAM = J4MFZ26949;
				INFOPLIST_FILE = UberUITests/Info.plist;
				LD_RUNPATH_SEARCH_PATHS = (
					"$(inherited)",
					"@executable_path/Frameworks",
					"@loader_path/Frameworks",
				);
				PRODUCT_BUNDLE_IDENTIFIER = com..UberUITests;
				PRODUCT_NAME = "$(TARGET_NAME)";
				SWIFT_VERSION = 5.0;
				TARGETED_DEVICE_FAMILY = "1,2";
				TEST_TARGET_NAME = Uber;
			};
			name = Release;
		};
/* End XCBuildConfiguration section */

/* Begin XCConfigurationList section */
		973878772665522000BC0C45 /* Build configuration list for PBXProject "Uber" */ = {
			isa = XCConfigurationList;
			buildConfigurations = (
				973878A42665522A00BC0C45 /* Debug */,
				973878A52665522A00BC0C45 /* Release */,
			);
			defaultConfigurationIsVisible = 0;
			defaultConfigurationName = Release;
		};
		973878A62665522A00BC0C45 /* Build configuration list for PBXNativeTarget "Uber" */ = {
			isa = XCConfigurationList;
			buildConfigurations = (
				973878A72665522A00BC0C45 /* Debug */,
				973878A82665522A00BC0C45 /* Release */,
			);
			defaultConfigurationIsVisible = 0;
			defaultConfigurationName = Release;
		};
		973878A92665522A00BC0C45 /* Build configuration list for PBXNativeTarget "UberTests" */ = {
			isa = XCConfigurationList;
			buildConfigurations = (
				973878AA2665522A00BC0C45 /* Debug */,
				973878AB2665522A00BC0C45 /* Release */,
			);
			defaultConfigurationIsVisible = 0;
			defaultConfigurationName = Release;
		};
		973878AC2665522A00BC0C45 /* Build configuration list for PBXNativeTarget "UberUITests" */ = {
			isa = XCConfigurationList;
			buildConfigurations = (
				973878AD2665522A00BC0C45 /* Debug */,
				973878AE2665522A00BC0C45 /* Release */,
			);
			defaultConfigurationIsVisible = 0;
			defaultConfigurationName = Release;
		};
/* End XCConfigurationList section */
	};
	rootObject = 973878742665522000BC0C45 /* Project object */;
}
